
Microsoft Visual Studio Solution File, Format Version 12.00
# Visual Studio Version 17
VisualStudioVersion = 17.10.35122.118
MinimumVisualStudioVersion = 10.0.40219.1
Project("{FAE04EC0-301F-11D3-BF4B-00C04F79EFBC}") = "MyPortFolio", "MyPortFolio\MyPortFolio.csproj", "{4CAD0956-C728-4639-A538-C620FF954F85}"
EndProject
Global
	GlobalSection(SolutionConfigurationPlatforms) = preSolution
		Debug|Any CPU = Debug|Any CPU
		Release|Any CPU = Release|Any CPU
	EndGlobalSection
	GlobalSection(ProjectConfigurationPlatforms) = postSolution
		{4CAD0956-C728-4639-A538-C620FF954F85}.Debug|Any CPU.ActiveCfg = Debug|Any CPU
		{4CAD0956-C728-4639-A538-C620FF954F85}.Debug|Any CPU.Build.0 = Debug|Any CPU
		{4CAD0956-C728-4639-A538-C620FF954F85}.Release|Any CPU.ActiveCfg = Release|Any CPU
		{4CAD0956-C728-4639-A538-C620FF954F85}.Release|Any CPU.Build.0 = Release|Any CPU
	EndGlobalSection
	GlobalSection(SolutionProperties) = preSolution
		HideSolutionNode = FALSE
	EndGlobalSection
	GlobalSection(ExtensibilityGlobals) = postSolution
		SolutionGuid = {6D6FD497-2D8E-4A85-B0DA-652CF43A60F1}
	EndGlobalSection
EndGlobal
